
Microsoft Visual Studio Solution File, Format Version 12.00
# Visual Studio Version 17
VisualStudioVersion = 17.2.32630.192
MinimumVisualStudioVersion = 10.0.40219.1
Project("{9A19103F-16F7-4668-BE54-9A1E7A4F7556}") = "Tweetbook", "Tweetbook\Tweetbook.csproj", "{3DB15BA1-9F21-4C0C-A136-5566D752B72E}"
EndProject
Project("{9A19103F-16F7-4668-BE54-9A1E7A4F7556}") = "Tweetbook.IntegrationTests", "Tweetbook.IntegrationTests\Tweetbook.IntegrationTests.csproj", "{EAD61DD4-38CB-4C18-9205-7B77D4B4E1F8}"
EndProject
Project("{9A19103F-16F7-4668-BE54-9A1E7A4F7556}") = "Tweetbook.Sdk", "Tweetbook.Sdk\Tweetbook.Sdk.csproj", "{C0606999-6ACE-4DC2-832B-284E163A07B9}"
EndProject
Project("{9A19103F-16F7-4668-BE54-9A1E7A4F7556}") = "Tweetbook.Sdk.Sample", "Tweetbook.Sdk.Sample\Tweetbook.Sdk.Sample.csproj", "{CCA3431C-7F17-41A5-9A4D-22E828674F92}"
EndProject
Project("{9A19103F-16F7-4668-BE54-9A1E7A4F7556}") = "Tweetbook.Contracts", "Tweetbook.Contracts\Tweetbook.Contracts.csproj", "{7EB9F582-06C7-477B-89FF-00ABDE3027BB}"
EndProject
Project("{9A19103F-16F7-4668-BE54-9A1E7A4F7556}") = "Tweetbook.SpecFlow", "Tweetbook.SpecFlow\Tweetbook.SpecFlow.csproj", "{4143BE03-5710-4F25-85B6-782EBE2FC3CB}"
EndProject
Project("{9A19103F-16F7-4668-BE54-9A1E7A4F7556}") = "testOpenApiclient", "testOpenApiclient\testOpenApiclient.csproj", "{A741B157-A955-4884-9629-3072C66B4CCB}"
EndProject
Global
	GlobalSection(SolutionConfigurationPlatforms) = preSolution
		Debug|Any CPU = Debug|Any CPU
		Release|Any CPU = Release|Any CPU
	EndGlobalSection
	GlobalSection(ProjectConfigurationPlatforms) = postSolution
		{3DB15BA1-9F21-4C0C-A136-5566D752B72E}.Debug|Any CPU.ActiveCfg = Debug|Any CPU
		{3DB15BA1-9F21-4C0C-A136-5566D752B72E}.Debug|Any CPU.Build.0 = Debug|Any CPU
		{3DB15BA1-9F21-4C0C-A136-5566D752B72E}.Release|Any CPU.ActiveCfg = Release|Any CPU
		{3DB15BA1-9F21-4C0C-A136-5566D752B72E}.Release|Any CPU.Build.0 = Release|Any CPU
		{EAD61DD4-38CB-4C18-9205-7B77D4B4E1F8}.Debug|Any CPU.ActiveCfg = Debug|Any CPU
		{EAD61DD4-38CB-4C18-9205-7B77D4B4E1F8}.Debug|Any CPU.Build.0 = Debug|Any CPU
		{EAD61DD4-38CB-4C18-9205-7B77D4B4E1F8}.Release|Any CPU.ActiveCfg = Release|Any CPU
		{EAD61DD4-38CB-4C18-9205-7B77D4B4E1F8}.Release|Any CPU.Build.0 = Release|Any CPU
		{C0606999-6ACE-4DC2-832B-284E163A07B9}.Debug|Any CPU.ActiveCfg = Debug|Any CPU
		{C0606999-6ACE-4DC2-832B-284E163A07B9}.Debug|Any CPU.Build.0 = Debug|Any CPU
		{C0606999-6ACE-4DC2-832B-284E163A07B9}.Release|Any CPU.ActiveCfg = Release|Any CPU
		{C0606999-6ACE-4DC2-832B-284E163A07B9}.Release|Any CPU.Build.0 = Release|Any CPU
		{CCA3431C-7F17-41A5-9A4D-22E828674F92}.Debug|Any CPU.ActiveCfg = Debug|Any CPU
		{CCA3431C-7F17-41A5-9A4D-22E828674F92}.Debug|Any CPU.Build.0 = Debug|Any CPU
		{CCA3431C-7F17-41A5-9A4D-22E828674F92}.Release|Any CPU.ActiveCfg = Release|Any CPU
		{CCA3431C-7F17-41A5-9A4D-22E828674F92}.Release|Any CPU.Build.0 = Release|Any CPU
		{7EB9F582-06C7-477B-89FF-00ABDE3027BB}.Debug|Any CPU.ActiveCfg = Debug|Any CPU
		{7EB9F582-06C7-477B-89FF-00ABDE3027BB}.Debug|Any CPU.Build.0 = Debug|Any CPU
		{7EB9F582-06C7-477B-89FF-00ABDE3027BB}.Release|Any CPU.ActiveCfg = Release|Any CPU
		{7EB9F582-06C7-477B-89FF-00ABDE3027BB}.Release|Any CPU.Build.0 = Release|Any CPU
		{4143BE03-5710-4F25-85B6-782EBE2FC3CB}.Debug|Any CPU.ActiveCfg = Debug|Any CPU
		{4143BE03-5710-4F25-85B6-782EBE2FC3CB}.Debug|Any CPU.Build.0 = Debug|Any CPU
		{4143BE03-5710-4F25-85B6-782EBE2FC3CB}.Release|Any CPU.ActiveCfg = Release|Any CPU
		{4143BE03-5710-4F25-85B6-782EBE2FC3CB}.Release|Any CPU.Build.0 = Release|Any CPU
		{A741B157-A955-4884-9629-3072C66B4CCB}.Debug|Any CPU.ActiveCfg = Debug|Any CPU
		{A741B157-A955-4884-9629-3072C66B4CCB}.Debug|Any CPU.Build.0 = Debug|Any CPU
		{A741B157-A955-4884-9629-3072C66B4CCB}.Release|Any CPU.ActiveCfg = Release|Any CPU
		{A741B157-A955-4884-9629-3072C66B4CCB}.Release|Any CPU.Build.0 = Release|Any CPU
	EndGlobalSection
	GlobalSection(SolutionProperties) = preSolution
		HideSolutionNode = FALSE
	EndGlobalSection
	GlobalSection(ExtensibilityGlobals) = postSolution
		SolutionGuid = {1F1E84B7-06ED-48FB-8842-EF1DDCF4A9B3}
	EndGlobalSection
EndGlobal
